
Microsoft Visual Studio Solution File, Format Version 12.00
# Visual Studio Version 16
VisualStudioVersion = 16.0.34301.259
MinimumVisualStudioVersion = 10.0.40219.1
Project("{FAE04EC0-301F-11D3-BF4B-00C04F79EFBC}") = "Задание№2", "Задание№2\Задание№2.csproj", "{82A67D2F-5607-4AE7-BB33-9993C17CFC51}"
EndProject
Global
	GlobalSection(SolutionConfigurationPlatforms) = preSolution
		Debug|Any CPU = Debug|Any CPU
		Release|Any CPU = Release|Any CPU
	EndGlobalSection
	GlobalSection(ProjectConfigurationPlatforms) = postSolution
		{82A67D2F-5607-4AE7-BB33-9993C17CFC51}.Debug|Any CPU.ActiveCfg = Debug|Any CPU
		{82A67D2F-5607-4AE7-BB33-9993C17CFC51}.Debug|Any CPU.Build.0 = Debug|Any CPU
		{82A67D2F-5607-4AE7-BB33-9993C17CFC51}.Release|Any CPU.ActiveCfg = Release|Any CPU
		{82A67D2F-5607-4AE7-BB33-9993C17CFC51}.Release|Any CPU.Build.0 = Release|Any CPU
	EndGlobalSection
	GlobalSection(SolutionProperties) = preSolution
		HideSolutionNode = FALSE
	EndGlobalSection
	GlobalSection(ExtensibilityGlobals) = postSolution
		SolutionGuid = {F8CBB45B-B8F9-4DC3-A5FA-C58E7E528252}
	EndGlobalSection
EndGlobal
