
Microsoft Visual Studio Solution File, Format Version 12.00
# Visual Studio Version 16
VisualStudioVersion = 16.0.34301.259
MinimumVisualStudioVersion = 10.0.40219.1
Project("{FAE04EC0-301F-11D3-BF4B-00C04F79EFBC}") = "Задание№5", "Задание№5\Задание№5.csproj", "{C538898E-4D21-499B-B450-1AAF33E3D01B}"
EndProject
Global
	GlobalSection(SolutionConfigurationPlatforms) = preSolution
		Debug|Any CPU = Debug|Any CPU
		Release|Any CPU = Release|Any CPU
	EndGlobalSection
	GlobalSection(ProjectConfigurationPlatforms) = postSolution
		{C538898E-4D21-499B-B450-1AAF33E3D01B}.Debug|Any CPU.ActiveCfg = Debug|Any CPU
		{C538898E-4D21-499B-B450-1AAF33E3D01B}.Debug|Any CPU.Build.0 = Debug|Any CPU
		{C538898E-4D21-499B-B450-1AAF33E3D01B}.Release|Any CPU.ActiveCfg = Release|Any CPU
		{C538898E-4D21-499B-B450-1AAF33E3D01B}.Release|Any CPU.Build.0 = Release|Any CPU
	EndGlobalSection
	GlobalSection(SolutionProperties) = preSolution
		HideSolutionNode = FALSE
	EndGlobalSection
	GlobalSection(ExtensibilityGlobals) = postSolution
		SolutionGuid = {467DC535-1B94-455A-9483-3A57806F3B5F}
	EndGlobalSection
EndGlobal
